{
  "name": "GamersAppFrontend",
  "lockfileVersion": 2,
  "requires": true,
  "packages": {
    "": {
      "dependencies": {
        "@uirouter/angularjs": "^1.0.30",
        "angular": "^1.8.2",
        "angular-jwt": "^0.1.11",
        "angular-loading-bar": "^0.9.0",
        "bootstrap-icons": "^1.9.1",
        "ng-animate": "^2.0.1"
      }
    },
    "node_modules/@angular/animations": {
      "version": "14.1.0",
      "resolved": "https://registry.npmjs.org/@angular/animations/-/animations-14.1.0.tgz",
      "integrity": "sha512-OhEXi1u/M4QyltDCxSqo7YzF7ELgNDWNqbbM7vtWIcrc4c+Yiu1GXhW/GQRosF3WAuQVfdQzEI0VTeNoo98Kvw==",
      "peer": true,
      "dependencies": {
        "tslib": "^2.3.0"
      },
      "engines": {
        "node": "^14.15.0 || >=16.10.0"
      },
      "peerDependencies": {
        "@angular/core": "14.1.0"
      }
    },
    "node_modules/@angular/common": {
      "version": "14.1.0",
      "resolved": "https://registry.npmjs.org/@angular/common/-/common-14.1.0.tgz",
      "integrity": "sha512-leethDtLbA3qySaOEBUto602DF0qH1maK9u2zHncrUFOpnHAYUEd7N9MFMdIYASurTnwOSglEoIDCML94qzImQ==",
      "peer": true,
      "dependencies": {
        "tslib": "^2.3.0"
      },
      "engines": {
        "node": "^14.15.0 || >=16.10.0"
      },
      "peerDependencies": {
        "@angular/core": "14.1.0",
        "rxjs": "^6.5.3 || ^7.4.0"
      }
    },
    "node_modules/@angular/core": {
      "version": "14.1.0",
      "resolved": "https://registry.npmjs.org/@angular/core/-/core-14.1.0.tgz",
      "integrity": "sha512-3quEsHmQifJOQ2oij5K+cjGjmhsKsyZI1+OTHWNZ6IXeuYviZv4U/Cui9fUJ1RN3CZxH3NzWB3gB/5qYFQfOgg==",
      "peer": true,
      "dependencies": {
        "tslib": "^2.3.0"
      },
      "engines": {
        "node": "^14.15.0 || >=16.10.0"
      },
      "peerDependencies": {
        "rxjs": "^6.5.3 || ^7.4.0",
        "zone.js": "~0.11.4"
      }
    },
    "node_modules/@uirouter/angularjs": {
      "version": "1.0.30",
      "resolved": "https://registry.npmjs.org/@uirouter/angularjs/-/angularjs-1.0.30.tgz",
      "integrity": "sha512-qkc3RFZc91S5K0gc/QVAXc9LGDPXjR04vDgG/11j8+yyZEuQojXxKxdLhKIepiPzqLmGRVqzBmBc27gtqaEeZg==",
      "dependencies": {
        "@uirouter/core": "6.0.8"
      },
      "engines": {
        "node": ">=4.0.0"
      },
      "peerDependencies": {
        "angular": ">=1.2.0"
      }
    },
    "node_modules/@uirouter/core": {
      "version": "6.0.8",
      "resolved": "https://registry.npmjs.org/@uirouter/core/-/core-6.0.8.tgz",
      "integrity": "sha512-Gc/BAW47i4L54p8dqYCJJZuv2s3tqlXQ0fvl6Zp2xrblELPVfxmjnc0eurx3XwfQdaqm3T6uls6tQKkof/4QMw==",
      "engines": {
        "node": ">=4.0.0"
      }
    },
    "node_modules/angular": {
      "version": "1.8.3",
      "resolved": "https://registry.npmjs.org/angular/-/angular-1.8.3.tgz",
      "integrity": "sha512-5qjkWIQQVsHj4Sb5TcEs4WZWpFeVFHXwxEBHUhrny41D8UrBAd6T/6nPPAsLngJCReIOqi95W3mxdveveutpZw==",
      "deprecated": "For the actively supported Angular, see https://www.npmjs.com/package/@angular/core. AngularJS support has officially ended. For extended AngularJS support options, see https://goo.gle/angularjs-path-forward."
    },
    "node_modules/angular-jwt": {
      "version": "0.1.11",
      "resolved": "https://registry.npmjs.org/angular-jwt/-/angular-jwt-0.1.11.tgz",
      "integrity": "sha512-793dv5vXOXaW5/cweMd+sqSf9dPhbazDya3szTVOQ84MDEj1nYLJrixBBa7WNtZeMqz7ylWX7djnFgqLjEWcHw==",
      "engines": {
        "node": ">=0.8.0"
      }
    },
    "node_modules/angular-loading-bar": {
      "version": "0.9.0",
      "resolved": "https://registry.npmjs.org/angular-loading-bar/-/angular-loading-bar-0.9.0.tgz",
      "integrity": "sha512-m131J6XitwSMS2D95Kso9WwpoV92ixkksJv4KXGdhk6UKS1gW09IDvSaJq24iUtsLHIRqnhpj9Y2HiIn7q0WpQ=="
    },
    "node_modules/bootstrap-icons": {
      "version": "1.9.1",
      "resolved": "https://registry.npmjs.org/bootstrap-icons/-/bootstrap-icons-1.9.1.tgz",
      "integrity": "sha512-d4ZkO30MIkAhQ2nNRJqKXJVEQorALGbLWTuRxyCTJF96lRIV6imcgMehWGJUiJMJhglN0o2tqLIeDnMdiQEE9g=="
    },
    "node_modules/ng-animate": {
      "version": "2.0.1",
      "resolved": "https://registry.npmjs.org/ng-animate/-/ng-animate-2.0.1.tgz",
      "integrity": "sha512-ulXsBUYLLSBBypRenYFwqxOs0jvnJm5+TtiyOIhiau5+MOEK3n8o/WDdEeciicw8h8HocPAOvLg7XnDXqQW41w==",
      "dependencies": {
        "tslib": "^2.3.0"
      },
      "peerDependencies": {
        "@angular/animations": ">=12.0.0",
        "@angular/common": ">=12.0.0",
        "@angular/core": ">=12.0.0"
      }
    },
    "node_modules/rxjs": {
      "version": "7.5.6",
      "resolved": "https://registry.npmjs.org/rxjs/-/rxjs-7.5.6.tgz",
      "integrity": "sha512-dnyv2/YsXhnm461G+R/Pe5bWP41Nm6LBXEYWI6eiFP4fiwx6WRI/CD0zbdVAudd9xwLEF2IDcKXLHit0FYjUzw==",
      "peer": true,
      "dependencies": {
        "tslib": "^2.1.0"
      }
    },
    "node_modules/tslib": {
      "version": "2.4.0",
      "resolved": "https://registry.npmjs.org/tslib/-/tslib-2.4.0.tgz",
      "integrity": "sha512-d6xOpEDfsi2CZVlPQzGeux8XMwLT9hssAsaPYExaQMuYskwb+x1x7J371tWlbBdWHroy99KnVB6qIkUbs5X3UQ=="
    },
    "node_modules/zone.js": {
      "version": "0.11.7",
      "resolved": "https://registry.npmjs.org/zone.js/-/zone.js-0.11.7.tgz",
      "integrity": "sha512-e39K2EdK5JfA3FDuUTVRvPlYV4aBfnOOcGuILhQAT7nzeV12uSrLBzImUM9CDVoncDSX4brR/gwqu0heQ3BQ0g==",
      "peer": true,
      "dependencies": {
        "tslib": "^2.3.0"
      }
    }
  },
  "dependencies": {
    "@angular/animations": {
      "version": "14.1.0",
      "resolved": "https://registry.npmjs.org/@angular/animations/-/animations-14.1.0.tgz",
      "integrity": "sha512-OhEXi1u/M4QyltDCxSqo7YzF7ELgNDWNqbbM7vtWIcrc4c+Yiu1GXhW/GQRosF3WAuQVfdQzEI0VTeNoo98Kvw==",
      "peer": true,
      "requires": {
        "tslib": "^2.3.0"
      }
    },
    "@angular/common": {
      "version": "14.1.0",
      "resolved": "https://registry.npmjs.org/@angular/common/-/common-14.1.0.tgz",
      "integrity": "sha512-leethDtLbA3qySaOEBUto602DF0qH1maK9u2zHncrUFOpnHAYUEd7N9MFMdIYASurTnwOSglEoIDCML94qzImQ==",
      "peer": true,
      "requires": {
        "tslib": "^2.3.0"
      }
    },
    "@angular/core": {
      "version": "14.1.0",
      "resolved": "https://registry.npmjs.org/@angular/core/-/core-14.1.0.tgz",
      "integrity": "sha512-3quEsHmQifJOQ2oij5K+cjGjmhsKsyZI1+OTHWNZ6IXeuYviZv4U/Cui9fUJ1RN3CZxH3NzWB3gB/5qYFQfOgg==",
      "peer": true,
      "requires": {
        "tslib": "^2.3.0"
      }
    },
    "@uirouter/angularjs": {
      "version": "1.0.30",
      "resolved": "https://registry.npmjs.org/@uirouter/angularjs/-/angularjs-1.0.30.tgz",
      "integrity": "sha512-qkc3RFZc91S5K0gc/QVAXc9LGDPXjR04vDgG/11j8+yyZEuQojXxKxdLhKIepiPzqLmGRVqzBmBc27gtqaEeZg==",
      "requires": {
        "@uirouter/core": "6.0.8"
      }
    },
    "@uirouter/core": {
      "version": "6.0.8",
      "resolved": "https://registry.npmjs.org/@uirouter/core/-/core-6.0.8.tgz",
      "integrity": "sha512-Gc/BAW47i4L54p8dqYCJJZuv2s3tqlXQ0fvl6Zp2xrblELPVfxmjnc0eurx3XwfQdaqm3T6uls6tQKkof/4QMw=="
    },
    "angular": {
      "version": "1.8.3",
      "resolved": "https://registry.npmjs.org/angular/-/angular-1.8.3.tgz",
      "integrity": "sha512-5qjkWIQQVsHj4Sb5TcEs4WZWpFeVFHXwxEBHUhrny41D8UrBAd6T/6nPPAsLngJCReIOqi95W3mxdveveutpZw=="
    },
    "angular-jwt": {
      "version": "0.1.11",
      "resolved": "https://registry.npmjs.org/angular-jwt/-/angular-jwt-0.1.11.tgz",
      "integrity": "sha512-793dv5vXOXaW5/cweMd+sqSf9dPhbazDya3szTVOQ84MDEj1nYLJrixBBa7WNtZeMqz7ylWX7djnFgqLjEWcHw=="
    },
    "angular-loading-bar": {
      "version": "0.9.0",
      "resolved": "https://registry.npmjs.org/angular-loading-bar/-/angular-loading-bar-0.9.0.tgz",
      "integrity": "sha512-m131J6XitwSMS2D95Kso9WwpoV92ixkksJv4KXGdhk6UKS1gW09IDvSaJq24iUtsLHIRqnhpj9Y2HiIn7q0WpQ=="
    },
    "bootstrap-icons": {
      "version": "1.9.1",
      "resolved": "https://registry.npmjs.org/bootstrap-icons/-/bootstrap-icons-1.9.1.tgz",
      "integrity": "sha512-d4ZkO30MIkAhQ2nNRJqKXJVEQorALGbLWTuRxyCTJF96lRIV6imcgMehWGJUiJMJhglN0o2tqLIeDnMdiQEE9g=="
    },
    "ng-animate": {
      "version": "2.0.1",
      "resolved": "https://registry.npmjs.org/ng-animate/-/ng-animate-2.0.1.tgz",
      "integrity": "sha512-ulXsBUYLLSBBypRenYFwqxOs0jvnJm5+TtiyOIhiau5+MOEK3n8o/WDdEeciicw8h8HocPAOvLg7XnDXqQW41w==",
      "requires": {
        "tslib": "^2.3.0"
      }
    },
    "rxjs": {
      "version": "7.5.6",
      "resolved": "https://registry.npmjs.org/rxjs/-/rxjs-7.5.6.tgz",
      "integrity": "sha512-dnyv2/YsXhnm461G+R/Pe5bWP41Nm6LBXEYWI6eiFP4fiwx6WRI/CD0zbdVAudd9xwLEF2IDcKXLHit0FYjUzw==",
      "peer": true,
      "requires": {
        "tslib": "^2.1.0"
      }
    },
    "tslib": {
      "version": "2.4.0",
      "resolved": "https://registry.npmjs.org/tslib/-/tslib-2.4.0.tgz",
      "integrity": "sha512-d6xOpEDfsi2CZVlPQzGeux8XMwLT9hssAsaPYExaQMuYskwb+x1x7J371tWlbBdWHroy99KnVB6qIkUbs5X3UQ=="
    },
    "zone.js": {
      "version": "0.11.7",
      "resolved": "https://registry.npmjs.org/zone.js/-/zone.js-0.11.7.tgz",
      "integrity": "sha512-e39K2EdK5JfA3FDuUTVRvPlYV4aBfnOOcGuILhQAT7nzeV12uSrLBzImUM9CDVoncDSX4brR/gwqu0heQ3BQ0g==",
      "peer": true,
      "requires": {
        "tslib": "^2.3.0"
      }
    }
  }
}
