{
  "name": "GamerAppFrontend",
  "lockfileVersion": 2,
  "requires": true,
  "packages": {
    "": {
      "dependencies": {
        "angular": "^1.8.2",
        "bootstrap-icons": "^1.9.1"
      }
    },
    "node_modules/angular": {
      "version": "1.8.2",
      "resolved": "https://registry.npmjs.org/angular/-/angular-1.8.2.tgz",
      "integrity": "sha512-IauMOej2xEe7/7Ennahkbb5qd/HFADiNuLSESz9Q27inmi32zB0lnAsFeLEWcox3Gd1F6YhNd1CP7/9IukJ0Gw==",
      "deprecated": "For the actively supported Angular, see https://www.npmjs.com/package/@angular/core. AngularJS support has officially ended. For extended AngularJS support options, see https://goo.gle/angularjs-path-forward."
    },
    "node_modules/bootstrap-icons": {
      "version": "1.9.1",
      "resolved": "https://registry.npmjs.org/bootstrap-icons/-/bootstrap-icons-1.9.1.tgz",
      "integrity": "sha512-d4ZkO30MIkAhQ2nNRJqKXJVEQorALGbLWTuRxyCTJF96lRIV6imcgMehWGJUiJMJhglN0o2tqLIeDnMdiQEE9g=="
    }
  },
  "dependencies": {
    "angular": {
      "version": "1.8.2",
      "resolved": "https://registry.npmjs.org/angular/-/angular-1.8.2.tgz",
      "integrity": "sha512-IauMOej2xEe7/7Ennahkbb5qd/HFADiNuLSESz9Q27inmi32zB0lnAsFeLEWcox3Gd1F6YhNd1CP7/9IukJ0Gw=="
    },
    "bootstrap-icons": {
      "version": "1.9.1",
      "resolved": "https://registry.npmjs.org/bootstrap-icons/-/bootstrap-icons-1.9.1.tgz",
      "integrity": "sha512-d4ZkO30MIkAhQ2nNRJqKXJVEQorALGbLWTuRxyCTJF96lRIV6imcgMehWGJUiJMJhglN0o2tqLIeDnMdiQEE9g=="
    }
  }
}
