{
  "name": "GamersAppFrontend",
  "lockfileVersion": 2,
  "requires": true,
  "packages": {
    "": {
      "dependencies": {
        "@uirouter/angularjs": "^1.0.30",
        "angular": "^1.8.2",
        "bootstrap-icons": "^1.9.1"
      }
    },
    "node_modules/@uirouter/angularjs": {
      "version": "1.0.30",
      "resolved": "https://registry.npmjs.org/@uirouter/angularjs/-/angularjs-1.0.30.tgz",
      "integrity": "sha512-qkc3RFZc91S5K0gc/QVAXc9LGDPXjR04vDgG/11j8+yyZEuQojXxKxdLhKIepiPzqLmGRVqzBmBc27gtqaEeZg==",
      "dependencies": {
        "@uirouter/core": "6.0.8"
      },
      "engines": {
        "node": ">=4.0.0"
      },
      "peerDependencies": {
        "angular": ">=1.2.0"
      }
    },
    "node_modules/@uirouter/core": {
      "version": "6.0.8",
      "resolved": "https://registry.npmjs.org/@uirouter/core/-/core-6.0.8.tgz",
      "integrity": "sha512-Gc/BAW47i4L54p8dqYCJJZuv2s3tqlXQ0fvl6Zp2xrblELPVfxmjnc0eurx3XwfQdaqm3T6uls6tQKkof/4QMw==",
      "engines": {
        "node": ">=4.0.0"
      }
    },
    "node_modules/angular": {
      "version": "1.8.3",
      "resolved": "https://registry.npmjs.org/angular/-/angular-1.8.3.tgz",
      "integrity": "sha512-5qjkWIQQVsHj4Sb5TcEs4WZWpFeVFHXwxEBHUhrny41D8UrBAd6T/6nPPAsLngJCReIOqi95W3mxdveveutpZw==",
      "deprecated": "For the actively supported Angular, see https://www.npmjs.com/package/@angular/core. AngularJS support has officially ended. For extended AngularJS support options, see https://goo.gle/angularjs-path-forward."
    },
    "node_modules/bootstrap-icons": {
      "version": "1.9.1",
      "resolved": "https://registry.npmjs.org/bootstrap-icons/-/bootstrap-icons-1.9.1.tgz",
      "integrity": "sha512-d4ZkO30MIkAhQ2nNRJqKXJVEQorALGbLWTuRxyCTJF96lRIV6imcgMehWGJUiJMJhglN0o2tqLIeDnMdiQEE9g=="
    }
  },
  "dependencies": {
    "@uirouter/angularjs": {
      "version": "1.0.30",
      "resolved": "https://registry.npmjs.org/@uirouter/angularjs/-/angularjs-1.0.30.tgz",
      "integrity": "sha512-qkc3RFZc91S5K0gc/QVAXc9LGDPXjR04vDgG/11j8+yyZEuQojXxKxdLhKIepiPzqLmGRVqzBmBc27gtqaEeZg==",
      "requires": {
        "@uirouter/core": "6.0.8"
      }
    },
    "@uirouter/core": {
      "version": "6.0.8",
      "resolved": "https://registry.npmjs.org/@uirouter/core/-/core-6.0.8.tgz",
      "integrity": "sha512-Gc/BAW47i4L54p8dqYCJJZuv2s3tqlXQ0fvl6Zp2xrblELPVfxmjnc0eurx3XwfQdaqm3T6uls6tQKkof/4QMw=="
    },
    "angular": {
      "version": "1.8.3",
      "resolved": "https://registry.npmjs.org/angular/-/angular-1.8.3.tgz",
      "integrity": "sha512-5qjkWIQQVsHj4Sb5TcEs4WZWpFeVFHXwxEBHUhrny41D8UrBAd6T/6nPPAsLngJCReIOqi95W3mxdveveutpZw=="
    },
    "bootstrap-icons": {
      "version": "1.9.1",
      "resolved": "https://registry.npmjs.org/bootstrap-icons/-/bootstrap-icons-1.9.1.tgz",
      "integrity": "sha512-d4ZkO30MIkAhQ2nNRJqKXJVEQorALGbLWTuRxyCTJF96lRIV6imcgMehWGJUiJMJhglN0o2tqLIeDnMdiQEE9g=="
    }
  }
}
